// !$*UTF8*$!
{
	archiveVersion = 1;
	classes = {
	};
	objectVersion = 50;
	objects = {

/* Begin PBXBuildFile section */
		555B997A26ED473B00FCDFDF /* AppDelegate.swift in Sources */ = {isa = PBXBuildFile; fileRef = 555B997926ED473B00FCDFDF /* AppDelegate.swift */; };
		555B997C26ED473B00FCDFDF /* SceneDelegate.swift in Sources */ = {isa = PBXBuildFile; fileRef = 555B997B26ED473B00FCDFDF /* SceneDelegate.swift */; };
		555B997E26ED473B00FCDFDF /* ViewController.swift in Sources */ = {isa = PBXBuildFile; fileRef = 555B997D26ED473B00FCDFDF /* ViewController.swift */; };
		555B998126ED473B00FCDFDF /* Main.storyboard in Resources */ = {isa = PBXBuildFile; fileRef = 555B997F26ED473B00FCDFDF /* Main.storyboard */; };
		555B998426ED473B00FCDFDF /* testZadanie2.xcdatamodeld in Sources */ = {isa = PBXBuildFile; fileRef = 555B998226ED473B00FCDFDF /* testZadanie2.xcdatamodeld */; };
		555B998626ED473E00FCDFDF /* Assets.xcassets in Resources */ = {isa = PBXBuildFile; fileRef = 555B998526ED473E00FCDFDF /* Assets.xcassets */; };
		555B998926ED473E00FCDFDF /* LaunchScreen.storyboard in Resources */ = {isa = PBXBuildFile; fileRef = 555B998726ED473E00FCDFDF /* LaunchScreen.storyboard */; };
/* End PBXBuildFile section */

/* Begin PBXFileReference section */
		555B997626ED473B00FCDFDF /* testZadanie2.app */ = {isa = PBXFileReference; explicitFileType = wrapper.application; includeInIndex = 0; path = testZadanie2.app; sourceTree = BUILT_PRODUCTS_DIR; };
		555B997926ED473B00FCDFDF /* AppDelegate.swift */ = {isa = PBXFileReference; lastKnownFileType = sourcecode.swift; path = AppDelegate.swift; sourceTree = "<group>"; };
		555B997B26ED473B00FCDFDF /* SceneDelegate.swift */ = {isa = PBXFileReference; lastKnownFileType = sourcecode.swift; path = SceneDelegate.swift; sourceTree = "<group>"; };
		555B997D26ED473B00FCDFDF /* ViewController.swift */ = {isa = PBXFileReference; lastKnownFileType = sourcecode.swift; path = ViewController.swift; sourceTree = "<group>"; };
		555B998026ED473B00FCDFDF /* Base */ = {isa = PBXFileReference; lastKnownFileType = file.storyboard; name = Base; path = Base.lproj/Main.storyboard; sourceTree = "<group>"; };
		555B998326ED473B00FCDFDF /* testZadanie2.xcdatamodel */ = {isa = PBXFileReference; lastKnownFileType = wrapper.xcdatamodel; path = testZadanie2.xcdatamodel; sourceTree = "<group>"; };
		555B998526ED473E00FCDFDF /* Assets.xcassets */ = {isa = PBXFileReference; lastKnownFileType = folder.assetcatalog; path = Assets.xcassets; sourceTree = "<group>"; };
		555B998826ED473E00FCDFDF /* Base */ = {isa = PBXFileReference; lastKnownFileType = file.storyboard; name = Base; path = Base.lproj/LaunchScreen.storyboard; sourceTree = "<group>"; };
		555B998A26ED473E00FCDFDF /* Info.plist */ = {isa = PBXFileReference; lastKnownFileType = text.plist.xml; path = Info.plist; sourceTree = "<group>"; };
/* End PBXFileReference section */

/* Begin PBXFrameworksBuildPhase section */
		555B997326ED473B00FCDFDF /* Frameworks */ = {
			isa = PBXFrameworksBuildPhase;
			buildActionMask = 2147483647;
			files = (
			);
			runOnlyForDeploymentPostprocessing = 0;
		};
/* End PBXFrameworksBuildPhase section */

/* Begin PBXGroup section */
		555B996D26ED473B00FCDFDF = {
			isa = PBXGroup;
			children = (
				555B997826ED473B00FCDFDF /* testZadanie2 */,
				555B997726ED473B00FCDFDF /* Products */,
			);
			sourceTree = "<group>";
		};
		555B997726ED473B00FCDFDF /* Products */ = {
			isa = PBXGroup;
			children = (
				555B997626ED473B00FCDFDF /* testZadanie2.app */,
			);
			name = Products;
			sourceTree = "<group>";
		};
		555B997826ED473B00FCDFDF /* testZadanie2 */ = {
			isa = PBXGroup;
			children = (
				555B997926ED473B00FCDFDF /* AppDelegate.swift */,
				555B997B26ED473B00FCDFDF /* SceneDelegate.swift */,
				555B997D26ED473B00FCDFDF /* ViewController.swift */,
				555B997F26ED473B00FCDFDF /* Main.storyboard */,
				555B998526ED473E00FCDFDF /* Assets.xcassets */,
				555B998726ED473E00FCDFDF /* LaunchScreen.storyboard */,
				555B998A26ED473E00FCDFDF /* Info.plist */,
				555B998226ED473B00FCDFDF /* testZadanie2.xcdatamodeld */,
			);
			path = testZadanie2;
			sourceTree = "<group>";
		};
/* End PBXGroup section */

/* Begin PBXNativeTarget section */
		555B997526ED473B00FCDFDF /* testZadanie2 */ = {
			isa = PBXNativeTarget;
			buildConfigurationList = 555B998D26ED473E00FCDFDF /* Build configuration list for PBXNativeTarget "testZadanie2" */;
			buildPhases = (
				555B997226ED473B00FCDFDF /* Sources */,
				555B997326ED473B00FCDFDF /* Frameworks */,
				555B997426ED473B00FCDFDF /* Resources */,
			);
			buildRules = (
			);
			dependencies = (
			);
			name = testZadanie2;
			productName = testZadanie2;
			productReference = 555B997626ED473B00FCDFDF /* testZadanie2.app */;
			productType = "com.apple.product-type.application";
		};
/* End PBXNativeTarget section */

/* Begin PBXProject section */
		555B996E26ED473B00FCDFDF /* Project object */ = {
			isa = PBXProject;
			attributes = {
				LastSwiftUpdateCheck = 1240;
				LastUpgradeCheck = 1240;
				TargetAttributes = {
					555B997526ED473B00FCDFDF = {
						CreatedOnToolsVersion = 12.4;
					};
				};
			};
			buildConfigurationList = 555B997126ED473B00FCDFDF /* Build configuration list for PBXProject "testZadanie2" */;
			compatibilityVersion = "Xcode 9.3";
			developmentRegion = en;
			hasScannedForEncodings = 0;
			knownRegions = (
				en,
				Base,
			);
			mainGroup = 555B996D26ED473B00FCDFDF;
			productRefGroup = 555B997726ED473B00FCDFDF /* Products */;
			projectDirPath = "";
			projectRoot = "";
			targets = (
				555B997526ED473B00FCDFDF /* testZadanie2 */,
			);
		};
/* End PBXProject section */

/* Begin PBXResourcesBuildPhase section */
		555B997426ED473B00FCDFDF /* Resources */ = {
			isa = PBXResourcesBuildPhase;
			buildActionMask = 2147483647;
			files = (
				555B998926ED473E00FCDFDF /* LaunchScreen.storyboard in Resources */,
				555B998626ED473E00FCDFDF /* Assets.xcassets in Resources */,
				555B998126ED473B00FCDFDF /* Main.storyboard in Resources */,
			);
			runOnlyForDeploymentPostprocessing = 0;
		};
/* End PBXResourcesBuildPhase section */

/* Begin PBXSourcesBuildPhase section */
		555B997226ED473B00FCDFDF /* Sources */ = {
			isa = PBXSourcesBuildPhase;
			buildActionMask = 2147483647;
			files = (
				555B997E26ED473B00FCDFDF /* ViewController.swift in Sources */,
				555B997A26ED473B00FCDFDF /* AppDelegate.swift in Sources */,
				555B997C26ED473B00FCDFDF /* SceneDelegate.swift in Sources */,
				555B998426ED473B00FCDFDF /* testZadanie2.xcdatamodeld in Sources */,
			);
			runOnlyForDeploymentPostprocessing = 0;
		};
/* End PBXSourcesBuildPhase section */

/* Begin PBXVariantGroup section */
		555B997F26ED473B00FCDFDF /* Main.storyboard */ = {
			isa = PBXVariantGroup;
			children = (
				555B998026ED473B00FCDFDF /* Base */,
			);
			name = Main.storyboard;
			sourceTree = "<group>";
		};
		555B998726ED473E00FCDFDF /* LaunchScreen.storyboard */ = {
			isa = PBXVariantGroup;
			children = (
				555B998826ED473E00FCDFDF /* Base */,
			);
			name = LaunchScreen.storyboard;
			sourceTree = "<group>";
		};
/* End PBXVariantGroup section */

/* Begin XCBuildConfiguration section */
		555B998B26ED473E00FCDFDF /* Debug */ = {
			isa = XCBuildConfiguration;
			buildSettings = {
				ALWAYS_SEARCH_USER_PATHS = NO;
				CLANG_ANALYZER_NONNULL = YES;
				CLANG_ANALYZER_NUMBER_OBJECT_CONVERSION = YES_AGGRESSIVE;
				CLANG_CXX_LANGUAGE_STANDARD = "gnu++14";
				CLANG_CXX_LIBRARY = "libc++";
				CLANG_ENABLE_MODULES = YES;
				CLANG_ENABLE_OBJC_ARC = YES;
				CLANG_ENABLE_OBJC_WEAK = YES;
				CLANG_WARN_BLOCK_CAPTURE_AUTORELEASING = YES;
				CLANG_WARN_BOOL_CONVERSION = YES;
				CLANG_WARN_COMMA = YES;
				CLANG_WARN_CONSTANT_CONVERSION = YES;
				CLANG_WARN_DEPRECATED_OBJC_IMPLEMENTATIONS = YES;
				CLANG_WARN_DIRECT_OBJC_ISA_USAGE = YES_ERROR;
				CLANG_WARN_DOCUMENTATION_COMMENTS = YES;
				CLANG_WARN_EMPTY_BODY = YES;
				CLANG_WARN_ENUM_CONVERSION = YES;
				CLANG_WARN_INFINITE_RECURSION = YES;
				CLANG_WARN_INT_CONVERSION = YES;
				CLANG_WARN_NON_LITERAL_NULL_CONVERSION = YES;
				CLANG_WARN_OBJC_IMPLICIT_RETAIN_SELF = YES;
				CLANG_WARN_OBJC_LITERAL_CONVERSION = YES;
				CLANG_WARN_OBJC_ROOT_CLASS = YES_ERROR;
				CLANG_WARN_QUOTED_INCLUDE_IN_FRAMEWORK_HEADER = YES;
				CLANG_WARN_RANGE_LOOP_ANALYSIS = YES;
				CLANG_WARN_STRICT_PROTOTYPES = YES;
				CLANG_WARN_SUSPICIOUS_MOVE = YES;
				CLANG_WARN_UNGUARDED_AVAILABILITY = YES_AGGRESSIVE;
				CLANG_WARN_UNREACHABLE_CODE = YES;
				CLANG_WARN__DUPLICATE_METHOD_MATCH = YES;
				COPY_PHASE_STRIP = NO;
				DEBUG_INFORMATION_FORMAT = dwarf;
				ENABLE_STRICT_OBJC_MSGSEND = YES;
				ENABLE_TESTABILITY = YES;
				GCC_C_LANGUAGE_STANDARD = gnu11;
				GCC_DYNAMIC_NO_PIC = NO;
				GCC_NO_COMMON_BLOCKS = YES;
				GCC_OPTIMIZATION_LEVEL = 0;
				GCC_PREPROCESSOR_DEFINITIONS = (
					"DEBUG=1",
					"$(inherited)",
				);
				GCC_WARN_64_TO_32_BIT_CONVERSION = YES;
				GCC_WARN_ABOUT_RETURN_TYPE = YES_ERROR;
				GCC_WARN_UNDECLARED_SELECTOR = YES;
				GCC_WARN_UNINITIALIZED_AUTOS = YES_AGGRESSIVE;
				GCC_WARN_UNUSED_FUNCTION = YES;
				GCC_WARN_UNUSED_VARIABLE = YES;
				IPHONEOS_DEPLOYMENT_TARGET = 14.4;
				MTL_ENABLE_DEBUG_INFO = INCLUDE_SOURCE;
				MTL_FAST_MATH = YES;
				ONLY_ACTIVE_ARCH = YES;
				SDKROOT = iphoneos;
				SWIFT_ACTIVE_COMPILATION_CONDITIONS = DEBUG;
				SWIFT_OPTIMIZATION_LEVEL = "-Onone";
			};
			name = Debug;
		};
		555B998C26ED473E00FCDFDF /* Release */ = {
			isa = XCBuildConfiguration;
			buildSettings = {
				ALWAYS_SEARCH_USER_PATHS = NO;
				CLANG_ANALYZER_NONNULL = YES;
				CLANG_ANALYZER_NUMBER_OBJECT_CONVERSION = YES_AGGRESSIVE;
				CLANG_CXX_LANGUAGE_STANDARD = "gnu++14";
				CLANG_CXX_LIBRARY = "libc++";
				CLANG_ENABLE_MODULES = YES;
				CLANG_ENABLE_OBJC_ARC = YES;
				CLANG_ENABLE_OBJC_WEAK = YES;
				CLANG_WARN_BLOCK_CAPTURE_AUTORELEASING = YES;
				CLANG_WARN_BOOL_CONVERSION = YES;
				CLANG_WARN_COMMA = YES;
				CLANG_WARN_CONSTANT_CONVERSION = YES;
				CLANG_WARN_DEPRECATED_OBJC_IMPLEMENTATIONS = YES;
				CLANG_WARN_DIRECT_OBJC_ISA_USAGE = YES_ERROR;
				CLANG_WARN_DOCUMENTATION_COMMENTS = YES;
				CLANG_WARN_EMPTY_BODY = YES;
				CLANG_WARN_ENUM_CONVERSION = YES;
				CLANG_WARN_INFINITE_RECURSION = YES;
				CLANG_WARN_INT_CONVERSION = YES;
				CLANG_WARN_NON_LITERAL_NULL_CONVERSION = YES;
				CLANG_WARN_OBJC_IMPLICIT_RETAIN_SELF = YES;
				CLANG_WARN_OBJC_LITERAL_CONVERSION = YES;
				CLANG_WARN_OBJC_ROOT_CLASS = YES_ERROR;
				CLANG_WARN_QUOTED_INCLUDE_IN_FRAMEWORK_HEADER = YES;
				CLANG_WARN_RANGE_LOOP_ANALYSIS = YES;
				CLANG_WARN_STRICT_PROTOTYPES = YES;
				CLANG_WARN_SUSPICIOUS_MOVE = YES;
				CLANG_WARN_UNGUARDED_AVAILABILITY = YES_AGGRESSIVE;
				CLANG_WARN_UNREACHABLE_CODE = YES;
				CLANG_WARN__DUPLICATE_METHOD_MATCH = YES;
				COPY_PHASE_STRIP = NO;
				DEBUG_INFORMATION_FORMAT = "dwarf-with-dsym";
				ENABLE_NS_ASSERTIONS = NO;
				ENABLE_STRICT_OBJC_MSGSEND = YES;
				GCC_C_LANGUAGE_STANDARD = gnu11;
				GCC_NO_COMMON_BLOCKS = YES;
				GCC_WARN_64_TO_32_BIT_CONVERSION = YES;
				GCC_WARN_ABOUT_RETURN_TYPE = YES_ERROR;
				GCC_WARN_UNDECLARED_SELECTOR = YES;
				GCC_WARN_UNINITIALIZED_AUTOS = YES_AGGRESSIVE;
				GCC_WARN_UNUSED_FUNCTION = YES;
				GCC_WARN_UNUSED_VARIABLE = YES;
				IPHONEOS_DEPLOYMENT_TARGET = 14.4;
				MTL_ENABLE_DEBUG_INFO = NO;
				MTL_FAST_MATH = YES;
				SDKROOT = iphoneos;
				SWIFT_COMPILATION_MODE = wholemodule;
				SWIFT_OPTIMIZATION_LEVEL = "-O";
				VALIDATE_PRODUCT = YES;
			};
			name = Release;
		};
		555B998E26ED473E00FCDFDF /* Debug */ = {
			isa = XCBuildConfiguration;
			buildSettings = {
				ASSETCATALOG_COMPILER_APPICON_NAME = AppIcon;
				ASSETCATALOG_COMPILER_GLOBAL_ACCENT_COLOR_NAME = AccentColor;
				CODE_SIGN_STYLE = Automatic;
				DEVELOPMENT_TEAM = 7MQF3GGWS3;
				INFOPLIST_FILE = testZadanie2/Info.plist;
				LD_RUNPATH_SEARCH_PATHS = (
					"$(inherited)",
					"@executable_path/Frameworks",
				);
				PRODUCT_BUNDLE_IDENTIFIER = Andrey.testZadanie2;
				PRODUCT_NAME = "$(TARGET_NAME)";
				SWIFT_VERSION = 5.0;
				TARGETED_DEVICE_FAMILY = "1,2";
			};
			name = Debug;
		};
		555B998F26ED473E00FCDFDF /* Release */ = {
			isa = XCBuildConfiguration;
			buildSettings = {
				ASSETCATALOG_COMPILER_APPICON_NAME = AppIcon;
				ASSETCATALOG_COMPILER_GLOBAL_ACCENT_COLOR_NAME = AccentColor;
				CODE_SIGN_STYLE = Automatic;
				DEVELOPMENT_TEAM = 7MQF3GGWS3;
				INFOPLIST_FILE = testZadanie2/Info.plist;
				LD_RUNPATH_SEARCH_PATHS = (
					"$(inherited)",
					"@executable_path/Frameworks",
				);
				PRODUCT_BUNDLE_IDENTIFIER = Andrey.testZadanie2;
				PRODUCT_NAME = "$(TARGET_NAME)";
				SWIFT_VERSION = 5.0;
				TARGETED_DEVICE_FAMILY = "1,2";
			};
			name = Release;
		};
/* End XCBuildConfiguration section */

/* Begin XCConfigurationList section */
		555B997126ED473B00FCDFDF /* Build configuration list for PBXProject "testZadanie2" */ = {
			isa = XCConfigurationList;
			buildConfigurations = (
				555B998B26ED473E00FCDFDF /* Debug */,
				555B998C26ED473E00FCDFDF /* Release */,
			);
			defaultConfigurationIsVisible = 0;
			defaultConfigurationName = Release;
		};
		555B998D26ED473E00FCDFDF /* Build configuration list for PBXNativeTarget "testZadanie2" */ = {
			isa = XCConfigurationList;
			buildConfigurations = (
				555B998E26ED473E00FCDFDF /* Debug */,
				555B998F26ED473E00FCDFDF /* Release */,
			);
			defaultConfigurationIsVisible = 0;
			defaultConfigurationName = Release;
		};
/* End XCConfigurationList section */

/* Begin XCVersionGroup section */
		555B998226ED473B00FCDFDF /* testZadanie2.xcdatamodeld */ = {
			isa = XCVersionGroup;
			children = (
				555B998326ED473B00FCDFDF /* testZadanie2.xcdatamodel */,
			);
			currentVersion = 555B998326ED473B00FCDFDF /* testZadanie2.xcdatamodel */;
			path = testZadanie2.xcdatamodeld;
			sourceTree = "<group>";
			versionGroupType = wrapper.xcdatamodel;
		};
/* End XCVersionGroup section */
	};
	rootObject = 555B996E26ED473B00FCDFDF /* Project object */;
}
